
Microsoft Visual Studio Solution File, Format Version 12.00
# Visual Studio 15
VisualStudioVersion = 15.0.27428.2027
MinimumVisualStudioVersion = 10.0.40219.1
Project("{FAE04EC0-301F-11D3-BF4B-00C04F79EFBC}") = "Calculator.ConsoleApp", "Calculator.ConsoleApp\Calculator.ConsoleApp.csproj", "{FF6452A8-3644-420D-B09C-B26765C168A3}"
EndProject
Global
	GlobalSection(SolutionConfigurationPlatforms) = preSolution
		Debug|Any CPU = Debug|Any CPU
		Release|Any CPU = Release|Any CPU
	EndGlobalSection
	GlobalSection(ProjectConfigurationPlatforms) = postSolution
		{FF6452A8-3644-420D-B09C-B26765C168A3}.Debug|Any CPU.ActiveCfg = Debug|Any CPU
		{FF6452A8-3644-420D-B09C-B26765C168A3}.Debug|Any CPU.Build.0 = Debug|Any CPU
		{FF6452A8-3644-420D-B09C-B26765C168A3}.Release|Any CPU.ActiveCfg = Release|Any CPU
		{FF6452A8-3644-420D-B09C-B26765C168A3}.Release|Any CPU.Build.0 = Release|Any CPU
	EndGlobalSection
	GlobalSection(SolutionProperties) = preSolution
		HideSolutionNode = FALSE
	EndGlobalSection
	GlobalSection(ExtensibilityGlobals) = postSolution
		SolutionGuid = {82F27760-6A79-4B97-B642-2BC544F03861}
	EndGlobalSection
EndGlobal
